// !$*UTF8*$!
{
	archiveVersion = 1;
	classes = {
	};
	objectVersion = 56;
	objects = {

/* Begin PBXBuildFile section */
		C16B9A6A29BB2591002CC579 /* AppDelegate.swift in Sources */ = {isa = PBXBuildFile; fileRef = C16B9A6929BB2591002CC579 /* AppDelegate.swift */; };
		C16B9A6C29BB2591002CC579 /* SceneDelegate.swift in Sources */ = {isa = PBXBuildFile; fileRef = C16B9A6B29BB2591002CC579 /* SceneDelegate.swift */; };
		C16B9A6E29BB2591002CC579 /* ViewController.swift in Sources */ = {isa = PBXBuildFile; fileRef = C16B9A6D29BB2591002CC579 /* ViewController.swift */; };
		C16B9A7129BB2591002CC579 /* Main.storyboard in Resources */ = {isa = PBXBuildFile; fileRef = C16B9A6F29BB2591002CC579 /* Main.storyboard */; };
		C16B9A7429BB2591002CC579 /* mvp.xcdatamodeld in Sources */ = {isa = PBXBuildFile; fileRef = C16B9A7229BB2591002CC579 /* mvp.xcdatamodeld */; };
		C16B9A7629BB2592002CC579 /* Assets.xcassets in Resources */ = {isa = PBXBuildFile; fileRef = C16B9A7529BB2592002CC579 /* Assets.xcassets */; };
		C16B9A7929BB2592002CC579 /* LaunchScreen.storyboard in Resources */ = {isa = PBXBuildFile; fileRef = C16B9A7729BB2592002CC579 /* LaunchScreen.storyboard */; };
		C16B9A8429BB2592002CC579 /* mvpTests.swift in Sources */ = {isa = PBXBuildFile; fileRef = C16B9A8329BB2592002CC579 /* mvpTests.swift */; };
		C16B9A8E29BB2592002CC579 /* mvpUITests.swift in Sources */ = {isa = PBXBuildFile; fileRef = C16B9A8D29BB2592002CC579 /* mvpUITests.swift */; };
		C16B9A9029BB2592002CC579 /* mvpUITestsLaunchTests.swift in Sources */ = {isa = PBXBuildFile; fileRef = C16B9A8F29BB2592002CC579 /* mvpUITestsLaunchTests.swift */; };
/* End PBXBuildFile section */

/* Begin PBXContainerItemProxy section */
		C16B9A8029BB2592002CC579 /* PBXContainerItemProxy */ = {
			isa = PBXContainerItemProxy;
			containerPortal = C16B9A5E29BB2591002CC579 /* Project object */;
			proxyType = 1;
			remoteGlobalIDString = C16B9A6529BB2591002CC579;
			remoteInfo = mvp;
		};
		C16B9A8A29BB2592002CC579 /* PBXContainerItemProxy */ = {
			isa = PBXContainerItemProxy;
			containerPortal = C16B9A5E29BB2591002CC579 /* Project object */;
			proxyType = 1;
			remoteGlobalIDString = C16B9A6529BB2591002CC579;
			remoteInfo = mvp;
		};
/* End PBXContainerItemProxy section */

/* Begin PBXFileReference section */
		C16B9A6629BB2591002CC579 /* mvp.app */ = {isa = PBXFileReference; explicitFileType = wrapper.application; includeInIndex = 0; path = mvp.app; sourceTree = BUILT_PRODUCTS_DIR; };
		C16B9A6929BB2591002CC579 /* AppDelegate.swift */ = {isa = PBXFileReference; lastKnownFileType = sourcecode.swift; path = AppDelegate.swift; sourceTree = "<group>"; };
		C16B9A6B29BB2591002CC579 /* SceneDelegate.swift */ = {isa = PBXFileReference; lastKnownFileType = sourcecode.swift; path = SceneDelegate.swift; sourceTree = "<group>"; };
		C16B9A6D29BB2591002CC579 /* ViewController.swift */ = {isa = PBXFileReference; lastKnownFileType = sourcecode.swift; path = ViewController.swift; sourceTree = "<group>"; };
		C16B9A7029BB2591002CC579 /* Base */ = {isa = PBXFileReference; lastKnownFileType = file.storyboard; name = Base; path = Base.lproj/Main.storyboard; sourceTree = "<group>"; };
		C16B9A7329BB2591002CC579 /* mvp.xcdatamodel */ = {isa = PBXFileReference; lastKnownFileType = wrapper.xcdatamodel; path = mvp.xcdatamodel; sourceTree = "<group>"; };
		C16B9A7529BB2592002CC579 /* Assets.xcassets */ = {isa = PBXFileReference; lastKnownFileType = folder.assetcatalog; path = Assets.xcassets; sourceTree = "<group>"; };
		C16B9A7829BB2592002CC579 /* Base */ = {isa = PBXFileReference; lastKnownFileType = file.storyboard; name = Base; path = Base.lproj/LaunchScreen.storyboard; sourceTree = "<group>"; };
		C16B9A7A29BB2592002CC579 /* Info.plist */ = {isa = PBXFileReference; lastKnownFileType = text.plist.xml; path = Info.plist; sourceTree = "<group>"; };
		C16B9A7F29BB2592002CC579 /* mvpTests.xctest */ = {isa = PBXFileReference; explicitFileType = wrapper.cfbundle; includeInIndex = 0; path = mvpTests.xctest; sourceTree = BUILT_PRODUCTS_DIR; };
		C16B9A8329BB2592002CC579 /* mvpTests.swift */ = {isa = PBXFileReference; lastKnownFileType = sourcecode.swift; path = mvpTests.swift; sourceTree = "<group>"; };
		C16B9A8929BB2592002CC579 /* mvpUITests.xctest */ = {isa = PBXFileReference; explicitFileType = wrapper.cfbundle; includeInIndex = 0; path = mvpUITests.xctest; sourceTree = BUILT_PRODUCTS_DIR; };
		C16B9A8D29BB2592002CC579 /* mvpUITests.swift */ = {isa = PBXFileReference; lastKnownFileType = sourcecode.swift; path = mvpUITests.swift; sourceTree = "<group>"; };
		C16B9A8F29BB2592002CC579 /* mvpUITestsLaunchTests.swift */ = {isa = PBXFileReference; lastKnownFileType = sourcecode.swift; path = mvpUITestsLaunchTests.swift; sourceTree = "<group>"; };
/* End PBXFileReference section */

/* Begin PBXFrameworksBuildPhase section */
		C16B9A6329BB2591002CC579 /* Frameworks */ = {
			isa = PBXFrameworksBuildPhase;
			buildActionMask = 2147483647;
			files = (
			);
			runOnlyForDeploymentPostprocessing = 0;
		};
		C16B9A7C29BB2592002CC579 /* Frameworks */ = {
			isa = PBXFrameworksBuildPhase;
			buildActionMask = 2147483647;
			files = (
			);
			runOnlyForDeploymentPostprocessing = 0;
		};
		C16B9A8629BB2592002CC579 /* Frameworks */ = {
			isa = PBXFrameworksBuildPhase;
			buildActionMask = 2147483647;
			files = (
			);
			runOnlyForDeploymentPostprocessing = 0;
		};
/* End PBXFrameworksBuildPhase section */

/* Begin PBXGroup section */
		C16B9A5D29BB2591002CC579 = {
			isa = PBXGroup;
			children = (
				C16B9A6829BB2591002CC579 /* mvp */,
				C16B9A8229BB2592002CC579 /* mvpTests */,
				C16B9A8C29BB2592002CC579 /* mvpUITests */,
				C16B9A6729BB2591002CC579 /* Products */,
			);
			sourceTree = "<group>";
		};
		C16B9A6729BB2591002CC579 /* Products */ = {
			isa = PBXGroup;
			children = (
				C16B9A6629BB2591002CC579 /* mvp.app */,
				C16B9A7F29BB2592002CC579 /* mvpTests.xctest */,
				C16B9A8929BB2592002CC579 /* mvpUITests.xctest */,
			);
			name = Products;
			sourceTree = "<group>";
		};
		C16B9A6829BB2591002CC579 /* mvp */ = {
			isa = PBXGroup;
			children = (
				C16B9A6929BB2591002CC579 /* AppDelegate.swift */,
				C16B9A6B29BB2591002CC579 /* SceneDelegate.swift */,
				C16B9A6D29BB2591002CC579 /* ViewController.swift */,
				C16B9A6F29BB2591002CC579 /* Main.storyboard */,
				C16B9A7529BB2592002CC579 /* Assets.xcassets */,
				C16B9A7729BB2592002CC579 /* LaunchScreen.storyboard */,
				C16B9A7A29BB2592002CC579 /* Info.plist */,
				C16B9A7229BB2591002CC579 /* mvp.xcdatamodeld */,
			);
			path = mvp;
			sourceTree = "<group>";
		};
		C16B9A8229BB2592002CC579 /* mvpTests */ = {
			isa = PBXGroup;
			children = (
				C16B9A8329BB2592002CC579 /* mvpTests.swift */,
			);
			path = mvpTests;
			sourceTree = "<group>";
		};
		C16B9A8C29BB2592002CC579 /* mvpUITests */ = {
			isa = PBXGroup;
			children = (
				C16B9A8D29BB2592002CC579 /* mvpUITests.swift */,
				C16B9A8F29BB2592002CC579 /* mvpUITestsLaunchTests.swift */,
			);
			path = mvpUITests;
			sourceTree = "<group>";
		};
/* End PBXGroup section */

/* Begin PBXNativeTarget section */
		C16B9A6529BB2591002CC579 /* mvp */ = {
			isa = PBXNativeTarget;
			buildConfigurationList = C16B9A9329BB2592002CC579 /* Build configuration list for PBXNativeTarget "mvp" */;
			buildPhases = (
				C16B9A6229BB2591002CC579 /* Sources */,
				C16B9A6329BB2591002CC579 /* Frameworks */,
				C16B9A6429BB2591002CC579 /* Resources */,
			);
			buildRules = (
			);
			dependencies = (
			);
			name = mvp;
			productName = mvp;
			productReference = C16B9A6629BB2591002CC579 /* mvp.app */;
			productType = "com.apple.product-type.application";
		};
		C16B9A7E29BB2592002CC579 /* mvpTests */ = {
			isa = PBXNativeTarget;
			buildConfigurationList = C16B9A9629BB2592002CC579 /* Build configuration list for PBXNativeTarget "mvpTests" */;
			buildPhases = (
				C16B9A7B29BB2592002CC579 /* Sources */,
				C16B9A7C29BB2592002CC579 /* Frameworks */,
				C16B9A7D29BB2592002CC579 /* Resources */,
			);
			buildRules = (
			);
			dependencies = (
				C16B9A8129BB2592002CC579 /* PBXTargetDependency */,
			);
			name = mvpTests;
			productName = mvpTests;
			productReference = C16B9A7F29BB2592002CC579 /* mvpTests.xctest */;
			productType = "com.apple.product-type.bundle.unit-test";
		};
		C16B9A8829BB2592002CC579 /* mvpUITests */ = {
			isa = PBXNativeTarget;
			buildConfigurationList = C16B9A9929BB2592002CC579 /* Build configuration list for PBXNativeTarget "mvpUITests" */;
			buildPhases = (
				C16B9A8529BB2592002CC579 /* Sources */,
				C16B9A8629BB2592002CC579 /* Frameworks */,
				C16B9A8729BB2592002CC579 /* Resources */,
			);
			buildRules = (
			);
			dependencies = (
				C16B9A8B29BB2592002CC579 /* PBXTargetDependency */,
			);
			name = mvpUITests;
			productName = mvpUITests;
			productReference = C16B9A8929BB2592002CC579 /* mvpUITests.xctest */;
			productType = "com.apple.product-type.bundle.ui-testing";
		};
/* End PBXNativeTarget section */

/* Begin PBXProject section */
		C16B9A5E29BB2591002CC579 /* Project object */ = {
			isa = PBXProject;
			attributes = {
				BuildIndependentTargetsInParallel = 1;
				LastSwiftUpdateCheck = 1410;
				LastUpgradeCheck = 1410;
				TargetAttributes = {
					C16B9A6529BB2591002CC579 = {
						CreatedOnToolsVersion = 14.1;
					};
					C16B9A7E29BB2592002CC579 = {
						CreatedOnToolsVersion = 14.1;
						TestTargetID = C16B9A6529BB2591002CC579;
					};
					C16B9A8829BB2592002CC579 = {
						CreatedOnToolsVersion = 14.1;
						TestTargetID = C16B9A6529BB2591002CC579;
					};
				};
			};
			buildConfigurationList = C16B9A6129BB2591002CC579 /* Build configuration list for PBXProject "mvp" */;
			compatibilityVersion = "Xcode 14.0";
			developmentRegion = en;
			hasScannedForEncodings = 0;
			knownRegions = (
				en,
				Base,
			);
			mainGroup = C16B9A5D29BB2591002CC579;
			productRefGroup = C16B9A6729BB2591002CC579 /* Products */;
			projectDirPath = "";
			projectRoot = "";
			targets = (
				C16B9A6529BB2591002CC579 /* mvp */,
				C16B9A7E29BB2592002CC579 /* mvpTests */,
				C16B9A8829BB2592002CC579 /* mvpUITests */,
			);
		};
/* End PBXProject section */

/* Begin PBXResourcesBuildPhase section */
		C16B9A6429BB2591002CC579 /* Resources */ = {
			isa = PBXResourcesBuildPhase;
			buildActionMask = 2147483647;
			files = (
				C16B9A7929BB2592002CC579 /* LaunchScreen.storyboard in Resources */,
				C16B9A7629BB2592002CC579 /* Assets.xcassets in Resources */,
				C16B9A7129BB2591002CC579 /* Main.storyboard in Resources */,
			);
			runOnlyForDeploymentPostprocessing = 0;
		};
		C16B9A7D29BB2592002CC579 /* Resources */ = {
			isa = PBXResourcesBuildPhase;
			buildActionMask = 2147483647;
			files = (
			);
			runOnlyForDeploymentPostprocessing = 0;
		};
		C16B9A8729BB2592002CC579 /* Resources */ = {
			isa = PBXResourcesBuildPhase;
			buildActionMask = 2147483647;
			files = (
			);
			runOnlyForDeploymentPostprocessing = 0;
		};
/* End PBXResourcesBuildPhase section */

/* Begin PBXSourcesBuildPhase section */
		C16B9A6229BB2591002CC579 /* Sources */ = {
			isa = PBXSourcesBuildPhase;
			buildActionMask = 2147483647;
			files = (
				C16B9A6E29BB2591002CC579 /* ViewController.swift in Sources */,
				C16B9A6A29BB2591002CC579 /* AppDelegate.swift in Sources */,
				C16B9A6C29BB2591002CC579 /* SceneDelegate.swift in Sources */,
				C16B9A7429BB2591002CC579 /* mvp.xcdatamodeld in Sources */,
			);
			runOnlyForDeploymentPostprocessing = 0;
		};
		C16B9A7B29BB2592002CC579 /* Sources */ = {
			isa = PBXSourcesBuildPhase;
			buildActionMask = 2147483647;
			files = (
				C16B9A8429BB2592002CC579 /* mvpTests.swift in Sources */,
			);
			runOnlyForDeploymentPostprocessing = 0;
		};
		C16B9A8529BB2592002CC579 /* Sources */ = {
			isa = PBXSourcesBuildPhase;
			buildActionMask = 2147483647;
			files = (
				C16B9A9029BB2592002CC579 /* mvpUITestsLaunchTests.swift in Sources */,
				C16B9A8E29BB2592002CC579 /* mvpUITests.swift in Sources */,
			);
			runOnlyForDeploymentPostprocessing = 0;
		};
/* End PBXSourcesBuildPhase section */

/* Begin PBXTargetDependency section */
		C16B9A8129BB2592002CC579 /* PBXTargetDependency */ = {
			isa = PBXTargetDependency;
			target = C16B9A6529BB2591002CC579 /* mvp */;
			targetProxy = C16B9A8029BB2592002CC579 /* PBXContainerItemProxy */;
		};
		C16B9A8B29BB2592002CC579 /* PBXTargetDependency */ = {
			isa = PBXTargetDependency;
			target = C16B9A6529BB2591002CC579 /* mvp */;
			targetProxy = C16B9A8A29BB2592002CC579 /* PBXContainerItemProxy */;
		};
/* End PBXTargetDependency section */

/* Begin PBXVariantGroup section */
		C16B9A6F29BB2591002CC579 /* Main.storyboard */ = {
			isa = PBXVariantGroup;
			children = (
				C16B9A7029BB2591002CC579 /* Base */,
			);
			name = Main.storyboard;
			sourceTree = "<group>";
		};
		C16B9A7729BB2592002CC579 /* LaunchScreen.storyboard */ = {
			isa = PBXVariantGroup;
			children = (
				C16B9A7829BB2592002CC579 /* Base */,
			);
			name = LaunchScreen.storyboard;
			sourceTree = "<group>";
		};
/* End PBXVariantGroup section */

/* Begin XCBuildConfiguration section */
		C16B9A9129BB2592002CC579 /* Debug */ = {
			isa = XCBuildConfiguration;
			buildSettings = {
				ALWAYS_SEARCH_USER_PATHS = NO;
				CLANG_ANALYZER_NONNULL = YES;
				CLANG_ANALYZER_NUMBER_OBJECT_CONVERSION = YES_AGGRESSIVE;
				CLANG_CXX_LANGUAGE_STANDARD = "gnu++20";
				CLANG_ENABLE_MODULES = YES;
				CLANG_ENABLE_OBJC_ARC = YES;
				CLANG_ENABLE_OBJC_WEAK = YES;
				CLANG_WARN_BLOCK_CAPTURE_AUTORELEASING = YES;
				CLANG_WARN_BOOL_CONVERSION = YES;
				CLANG_WARN_COMMA = YES;
				CLANG_WARN_CONSTANT_CONVERSION = YES;
				CLANG_WARN_DEPRECATED_OBJC_IMPLEMENTATIONS = YES;
				CLANG_WARN_DIRECT_OBJC_ISA_USAGE = YES_ERROR;
				CLANG_WARN_DOCUMENTATION_COMMENTS = YES;
				CLANG_WARN_EMPTY_BODY = YES;
				CLANG_WARN_ENUM_CONVERSION = YES;
				CLANG_WARN_INFINITE_RECURSION = YES;
				CLANG_WARN_INT_CONVERSION = YES;
				CLANG_WARN_NON_LITERAL_NULL_CONVERSION = YES;
				CLANG_WARN_OBJC_IMPLICIT_RETAIN_SELF = YES;
				CLANG_WARN_OBJC_LITERAL_CONVERSION = YES;
				CLANG_WARN_OBJC_ROOT_CLASS = YES_ERROR;
				CLANG_WARN_QUOTED_INCLUDE_IN_FRAMEWORK_HEADER = YES;
				CLANG_WARN_RANGE_LOOP_ANALYSIS = YES;
				CLANG_WARN_STRICT_PROTOTYPES = YES;
				CLANG_WARN_SUSPICIOUS_MOVE = YES;
				CLANG_WARN_UNGUARDED_AVAILABILITY = YES_AGGRESSIVE;
				CLANG_WARN_UNREACHABLE_CODE = YES;
				CLANG_WARN__DUPLICATE_METHOD_MATCH = YES;
				COPY_PHASE_STRIP = NO;
				DEBUG_INFORMATION_FORMAT = dwarf;
				ENABLE_STRICT_OBJC_MSGSEND = YES;
				ENABLE_TESTABILITY = YES;
				GCC_C_LANGUAGE_STANDARD = gnu11;
				GCC_DYNAMIC_NO_PIC = NO;
				GCC_NO_COMMON_BLOCKS = YES;
				GCC_OPTIMIZATION_LEVEL = 0;
				GCC_PREPROCESSOR_DEFINITIONS = (
					"DEBUG=1",
					"$(inherited)",
				);
				GCC_WARN_64_TO_32_BIT_CONVERSION = YES;
				GCC_WARN_ABOUT_RETURN_TYPE = YES_ERROR;
				GCC_WARN_UNDECLARED_SELECTOR = YES;
				GCC_WARN_UNINITIALIZED_AUTOS = YES_AGGRESSIVE;
				GCC_WARN_UNUSED_FUNCTION = YES;
				GCC_WARN_UNUSED_VARIABLE = YES;
				IPHONEOS_DEPLOYMENT_TARGET = 16.1;
				MTL_ENABLE_DEBUG_INFO = INCLUDE_SOURCE;
				MTL_FAST_MATH = YES;
				ONLY_ACTIVE_ARCH = YES;
				SDKROOT = iphoneos;
				SWIFT_ACTIVE_COMPILATION_CONDITIONS = DEBUG;
				SWIFT_OPTIMIZATION_LEVEL = "-Onone";
			};
			name = Debug;
		};
		C16B9A9229BB2592002CC579 /* Release */ = {
			isa = XCBuildConfiguration;
			buildSettings = {
				ALWAYS_SEARCH_USER_PATHS = NO;
				CLANG_ANALYZER_NONNULL = YES;
				CLANG_ANALYZER_NUMBER_OBJECT_CONVERSION = YES_AGGRESSIVE;
				CLANG_CXX_LANGUAGE_STANDARD = "gnu++20";
				CLANG_ENABLE_MODULES = YES;
				CLANG_ENABLE_OBJC_ARC = YES;
				CLANG_ENABLE_OBJC_WEAK = YES;
				CLANG_WARN_BLOCK_CAPTURE_AUTORELEASING = YES;
				CLANG_WARN_BOOL_CONVERSION = YES;
				CLANG_WARN_COMMA = YES;
				CLANG_WARN_CONSTANT_CONVERSION = YES;
				CLANG_WARN_DEPRECATED_OBJC_IMPLEMENTATIONS = YES;
				CLANG_WARN_DIRECT_OBJC_ISA_USAGE = YES_ERROR;
				CLANG_WARN_DOCUMENTATION_COMMENTS = YES;
				CLANG_WARN_EMPTY_BODY = YES;
				CLANG_WARN_ENUM_CONVERSION = YES;
				CLANG_WARN_INFINITE_RECURSION = YES;
				CLANG_WARN_INT_CONVERSION = YES;
				CLANG_WARN_NON_LITERAL_NULL_CONVERSION = YES;
				CLANG_WARN_OBJC_IMPLICIT_RETAIN_SELF = YES;
				CLANG_WARN_OBJC_LITERAL_CONVERSION = YES;
				CLANG_WARN_OBJC_ROOT_CLASS = YES_ERROR;
				CLANG_WARN_QUOTED_INCLUDE_IN_FRAMEWORK_HEADER = YES;
				CLANG_WARN_RANGE_LOOP_ANALYSIS = YES;
				CLANG_WARN_STRICT_PROTOTYPES = YES;
				CLANG_WARN_SUSPICIOUS_MOVE = YES;
				CLANG_WARN_UNGUARDED_AVAILABILITY = YES_AGGRESSIVE;
				CLANG_WARN_UNREACHABLE_CODE = YES;
				CLANG_WARN__DUPLICATE_METHOD_MATCH = YES;
				COPY_PHASE_STRIP = NO;
				DEBUG_INFORMATION_FORMAT = "dwarf-with-dsym";
				ENABLE_NS_ASSERTIONS = NO;
				ENABLE_STRICT_OBJC_MSGSEND = YES;
				GCC_C_LANGUAGE_STANDARD = gnu11;
				GCC_NO_COMMON_BLOCKS = YES;
				GCC_WARN_64_TO_32_BIT_CONVERSION = YES;
				GCC_WARN_ABOUT_RETURN_TYPE = YES_ERROR;
				GCC_WARN_UNDECLARED_SELECTOR = YES;
				GCC_WARN_UNINITIALIZED_AUTOS = YES_AGGRESSIVE;
				GCC_WARN_UNUSED_FUNCTION = YES;
				GCC_WARN_UNUSED_VARIABLE = YES;
				IPHONEOS_DEPLOYMENT_TARGET = 16.1;
				MTL_ENABLE_DEBUG_INFO = NO;
				MTL_FAST_MATH = YES;
				SDKROOT = iphoneos;
				SWIFT_COMPILATION_MODE = wholemodule;
				SWIFT_OPTIMIZATION_LEVEL = "-O";
				VALIDATE_PRODUCT = YES;
			};
			name = Release;
		};
		C16B9A9429BB2592002CC579 /* Debug */ = {
			isa = XCBuildConfiguration;
			buildSettings = {
				ASSETCATALOG_COMPILER_APPICON_NAME = AppIcon;
				ASSETCATALOG_COMPILER_GLOBAL_ACCENT_COLOR_NAME = AccentColor;
				CODE_SIGN_STYLE = Automatic;
				CURRENT_PROJECT_VERSION = 1;
				DEVELOPMENT_TEAM = V55DY37YC3;
				GENERATE_INFOPLIST_FILE = YES;
				INFOPLIST_FILE = mvp/Info.plist;
				INFOPLIST_KEY_UIApplicationSupportsIndirectInputEvents = YES;
				INFOPLIST_KEY_UILaunchStoryboardName = LaunchScreen;
				INFOPLIST_KEY_UIMainStoryboardFile = Main;
				INFOPLIST_KEY_UISupportedInterfaceOrientations_iPad = "UIInterfaceOrientationPortrait UIInterfaceOrientationPortraitUpsideDown UIInterfaceOrientationLandscapeLeft UIInterfaceOrientationLandscapeRight";
				INFOPLIST_KEY_UISupportedInterfaceOrientations_iPhone = "UIInterfaceOrientationPortrait UIInterfaceOrientationLandscapeLeft UIInterfaceOrientationLandscapeRight";
				LD_RUNPATH_SEARCH_PATHS = (
					"$(inherited)",
					"@executable_path/Frameworks",
				);
				MARKETING_VERSION = 1.0;
				PRODUCT_BUNDLE_IDENTIFIER = com.thelight.mvp;
				PRODUCT_NAME = "$(TARGET_NAME)";
				SWIFT_EMIT_LOC_STRINGS = YES;
				SWIFT_VERSION = 5.0;
				TARGETED_DEVICE_FAMILY = "1,2";
			};
			name = Debug;
		};
		C16B9A9529BB2592002CC579 /* Release */ = {
			isa = XCBuildConfiguration;
			buildSettings = {
				ASSETCATALOG_COMPILER_APPICON_NAME = AppIcon;
				ASSETCATALOG_COMPILER_GLOBAL_ACCENT_COLOR_NAME = AccentColor;
				CODE_SIGN_STYLE = Automatic;
				CURRENT_PROJECT_VERSION = 1;
				DEVELOPMENT_TEAM = V55DY37YC3;
				GENERATE_INFOPLIST_FILE = YES;
				INFOPLIST_FILE = mvp/Info.plist;
				INFOPLIST_KEY_UIApplicationSupportsIndirectInputEvents = YES;
				INFOPLIST_KEY_UILaunchStoryboardName = LaunchScreen;
				INFOPLIST_KEY_UIMainStoryboardFile = Main;
				INFOPLIST_KEY_UISupportedInterfaceOrientations_iPad = "UIInterfaceOrientationPortrait UIInterfaceOrientationPortraitUpsideDown UIInterfaceOrientationLandscapeLeft UIInterfaceOrientationLandscapeRight";
				INFOPLIST_KEY_UISupportedInterfaceOrientations_iPhone = "UIInterfaceOrientationPortrait UIInterfaceOrientationLandscapeLeft UIInterfaceOrientationLandscapeRight";
				LD_RUNPATH_SEARCH_PATHS = (
					"$(inherited)",
					"@executable_path/Frameworks",
				);
				MARKETING_VERSION = 1.0;
				PRODUCT_BUNDLE_IDENTIFIER = com.thelight.mvp;
				PRODUCT_NAME = "$(TARGET_NAME)";
				SWIFT_EMIT_LOC_STRINGS = YES;
				SWIFT_VERSION = 5.0;
				TARGETED_DEVICE_FAMILY = "1,2";
			};
			name = Release;
		};
		C16B9A9729BB2592002CC579 /* Debug */ = {
			isa = XCBuildConfiguration;
			buildSettings = {
				ALWAYS_EMBED_SWIFT_STANDARD_LIBRARIES = YES;
				BUNDLE_LOADER = "$(TEST_HOST)";
				CODE_SIGN_STYLE = Automatic;
				CURRENT_PROJECT_VERSION = 1;
				DEVELOPMENT_TEAM = V55DY37YC3;
				GENERATE_INFOPLIST_FILE = YES;
				IPHONEOS_DEPLOYMENT_TARGET = 16.1;
				MARKETING_VERSION = 1.0;
				PRODUCT_BUNDLE_IDENTIFIER = com.thelight.mvpTests;
				PRODUCT_NAME = "$(TARGET_NAME)";
				SWIFT_EMIT_LOC_STRINGS = NO;
				SWIFT_VERSION = 5.0;
				TARGETED_DEVICE_FAMILY = "1,2";
				TEST_HOST = "$(BUILT_PRODUCTS_DIR)/mvp.app/$(BUNDLE_EXECUTABLE_FOLDER_PATH)/mvp";
			};
			name = Debug;
		};
		C16B9A9829BB2592002CC579 /* Release */ = {
			isa = XCBuildConfiguration;
			buildSettings = {
				ALWAYS_EMBED_SWIFT_STANDARD_LIBRARIES = YES;
				BUNDLE_LOADER = "$(TEST_HOST)";
				CODE_SIGN_STYLE = Automatic;
				CURRENT_PROJECT_VERSION = 1;
				DEVELOPMENT_TEAM = V55DY37YC3;
				GENERATE_INFOPLIST_FILE = YES;
				IPHONEOS_DEPLOYMENT_TARGET = 16.1;
				MARKETING_VERSION = 1.0;
				PRODUCT_BUNDLE_IDENTIFIER = com.thelight.mvpTests;
				PRODUCT_NAME = "$(TARGET_NAME)";
				SWIFT_EMIT_LOC_STRINGS = NO;
				SWIFT_VERSION = 5.0;
				TARGETED_DEVICE_FAMILY = "1,2";
				TEST_HOST = "$(BUILT_PRODUCTS_DIR)/mvp.app/$(BUNDLE_EXECUTABLE_FOLDER_PATH)/mvp";
			};
			name = Release;
		};
		C16B9A9A29BB2592002CC579 /* Debug */ = {
			isa = XCBuildConfiguration;
			buildSettings = {
				ALWAYS_EMBED_SWIFT_STANDARD_LIBRARIES = YES;
				CODE_SIGN_STYLE = Automatic;
				CURRENT_PROJECT_VERSION = 1;
				DEVELOPMENT_TEAM = V55DY37YC3;
				GENERATE_INFOPLIST_FILE = YES;
				MARKETING_VERSION = 1.0;
				PRODUCT_BUNDLE_IDENTIFIER = com.thelight.mvpUITests;
				PRODUCT_NAME = "$(TARGET_NAME)";
				SWIFT_EMIT_LOC_STRINGS = NO;
				SWIFT_VERSION = 5.0;
				TARGETED_DEVICE_FAMILY = "1,2";
				TEST_TARGET_NAME = mvp;
			};
			name = Debug;
		};
		C16B9A9B29BB2592002CC579 /* Release */ = {
			isa = XCBuildConfiguration;
			buildSettings = {
				ALWAYS_EMBED_SWIFT_STANDARD_LIBRARIES = YES;
				CODE_SIGN_STYLE = Automatic;
				CURRENT_PROJECT_VERSION = 1;
				DEVELOPMENT_TEAM = V55DY37YC3;
				GENERATE_INFOPLIST_FILE = YES;
				MARKETING_VERSION = 1.0;
				PRODUCT_BUNDLE_IDENTIFIER = com.thelight.mvpUITests;
				PRODUCT_NAME = "$(TARGET_NAME)";
				SWIFT_EMIT_LOC_STRINGS = NO;
				SWIFT_VERSION = 5.0;
				TARGETED_DEVICE_FAMILY = "1,2";
				TEST_TARGET_NAME = mvp;
			};
			name = Release;
		};
/* End XCBuildConfiguration section */

/* Begin XCConfigurationList section */
		C16B9A6129BB2591002CC579 /* Build configuration list for PBXProject "mvp" */ = {
			isa = XCConfigurationList;
			buildConfigurations = (
				C16B9A9129BB2592002CC579 /* Debug */,
				C16B9A9229BB2592002CC579 /* Release */,
			);
			defaultConfigurationIsVisible = 0;
			defaultConfigurationName = Release;
		};
		C16B9A9329BB2592002CC579 /* Build configuration list for PBXNativeTarget "mvp" */ = {
			isa = XCConfigurationList;
			buildConfigurations = (
				C16B9A9429BB2592002CC579 /* Debug */,
				C16B9A9529BB2592002CC579 /* Release */,
			);
			defaultConfigurationIsVisible = 0;
			defaultConfigurationName = Release;
		};
		C16B9A9629BB2592002CC579 /* Build configuration list for PBXNativeTarget "mvpTests" */ = {
			isa = XCConfigurationList;
			buildConfigurations = (
				C16B9A9729BB2592002CC579 /* Debug */,
				C16B9A9829BB2592002CC579 /* Release */,
			);
			defaultConfigurationIsVisible = 0;
			defaultConfigurationName = Release;
		};
		C16B9A9929BB2592002CC579 /* Build configuration list for PBXNativeTarget "mvpUITests" */ = {
			isa = XCConfigurationList;
			buildConfigurations = (
				C16B9A9A29BB2592002CC579 /* Debug */,
				C16B9A9B29BB2592002CC579 /* Release */,
			);
			defaultConfigurationIsVisible = 0;
			defaultConfigurationName = Release;
		};
/* End XCConfigurationList section */

/* Begin XCVersionGroup section */
		C16B9A7229BB2591002CC579 /* mvp.xcdatamodeld */ = {
			isa = XCVersionGroup;
			children = (
				C16B9A7329BB2591002CC579 /* mvp.xcdatamodel */,
			);
			currentVersion = C16B9A7329BB2591002CC579 /* mvp.xcdatamodel */;
			path = mvp.xcdatamodeld;
			sourceTree = "<group>";
			versionGroupType = wrapper.xcdatamodel;
		};
/* End XCVersionGroup section */
	};
	rootObject = C16B9A5E29BB2591002CC579 /* Project object */;
}
